// !$*UTF8*$!
{
	archiveVersion = 1;
	classes = {
	};
	objectVersion = 48;
	objects = {

/* Begin PBXBuildFile section */
		EA6FDC082146709C001155B7 /* AppDelegate.m in Sources */ = {isa = PBXBuildFile; fileRef = EA6FDC072146709C001155B7 /* AppDelegate.m */; };
		EA6FDC0B2146709C001155B7 /* ViewController.m in Sources */ = {isa = PBXBuildFile; fileRef = EA6FDC0A2146709C001155B7 /* ViewController.m */; };
		EA6FDC0E2146709C001155B7 /* Main.storyboard in Resources */ = {isa = PBXBuildFile; fileRef = EA6FDC0C2146709C001155B7 /* Main.storyboard */; };
		EA6FDC102146709C001155B7 /* Assets.xcassets in Resources */ = {isa = PBXBuildFile; fileRef = EA6FDC0F2146709C001155B7 /* Assets.xcassets */; };
		EA6FDC132146709C001155B7 /* LaunchScreen.storyboard in Resources */ = {isa = PBXBuildFile; fileRef = EA6FDC112146709C001155B7 /* LaunchScreen.storyboard */; };
		EA6FDC162146709C001155B7 /* main.m in Sources */ = {isa = PBXBuildFile; fileRef = EA6FDC152146709C001155B7 /* main.m */; };
		EA6FDC202146709D001155B7 /* TextVideo02Tests.m in Sources */ = {isa = PBXBuildFile; fileRef = EA6FDC1F2146709D001155B7 /* TextVideo02Tests.m */; };
		EA6FDC2B2146709D001155B7 /* TextVideo02UITests.m in Sources */ = {isa = PBXBuildFile; fileRef = EA6FDC2A2146709D001155B7 /* TextVideo02UITests.m */; };
		EA6FDC492146713E001155B7 /* ZRAssetExportSession.m in Sources */ = {isa = PBXBuildFile; fileRef = EA6FDC3A2146713E001155B7 /* ZRAssetExportSession.m */; };
		EA6FDC4B2146713E001155B7 /* ZRMediaCaptureController.m in Sources */ = {isa = PBXBuildFile; fileRef = EA6FDC3E2146713E001155B7 /* ZRMediaCaptureController.m */; };
		EA6FDC4C2146713E001155B7 /* ZRMediaCaptureView.m in Sources */ = {isa = PBXBuildFile; fileRef = EA6FDC402146713E001155B7 /* ZRMediaCaptureView.m */; };
		EA6FDC4E2146713E001155B7 /* ZRVideoCaptureViewController.m in Sources */ = {isa = PBXBuildFile; fileRef = EA6FDC442146713E001155B7 /* ZRVideoCaptureViewController.m */; };
		EA6FDC4F2146713E001155B7 /* ZRVideoPlayerController.m in Sources */ = {isa = PBXBuildFile; fileRef = EA6FDC462146713E001155B7 /* ZRVideoPlayerController.m */; };
		EA6FDC502146713E001155B7 /* ZRWaterPrintComposition.m in Sources */ = {isa = PBXBuildFile; fileRef = EA6FDC482146713E001155B7 /* ZRWaterPrintComposition.m */; };
		EA6FDC5321467151001155B7 /* TestPreviewerVideoViewController.m in Sources */ = {isa = PBXBuildFile; fileRef = EA6FDC5221467151001155B7 /* TestPreviewerVideoViewController.m */; };
		EA6FDC572147534E001155B7 /* HProgressView.m in Sources */ = {isa = PBXBuildFile; fileRef = EA6FDC562147534E001155B7 /* HProgressView.m */; };
		EA6FDC592147634B001155B7 /* btn_video_flip_camera@2x.png in Resources */ = {isa = PBXBuildFile; fileRef = EA6FDC582147634B001155B7 /* btn_video_flip_camera@2x.png */; };
		EA6FDC5C2147A299001155B7 /* VideoEditView.m in Sources */ = {isa = PBXBuildFile; fileRef = EA6FDC5B2147A299001155B7 /* VideoEditView.m */; };
		EA6FDC5F2147A970001155B7 /* AddTextDetailView.m in Sources */ = {isa = PBXBuildFile; fileRef = EA6FDC5E2147A970001155B7 /* AddTextDetailView.m */; };
		EA6FDC622147B2B1001155B7 /* FWTextView.m in Sources */ = {isa = PBXBuildFile; fileRef = EA6FDC602147B2B1001155B7 /* FWTextView.m */; };
		EA6FDCCB214A5DFE001155B7 /* ZRCircleProgress.m in Sources */ = {isa = PBXBuildFile; fileRef = EA6FDCC9214A5DFE001155B7 /* ZRCircleProgress.m */; };
/* End PBXBuildFile section */

/* Begin PBXContainerItemProxy section */
		EA6FDC1C2146709D001155B7 /* PBXContainerItemProxy */ = {
			isa = PBXContainerItemProxy;
			containerPortal = EA6FDBFB2146709C001155B7 /* Project object */;
			proxyType = 1;
			remoteGlobalIDString = EA6FDC022146709C001155B7;
			remoteInfo = TextVideo02;
		};
		EA6FDC272146709D001155B7 /* PBXContainerItemProxy */ = {
			isa = PBXContainerItemProxy;
			containerPortal = EA6FDBFB2146709C001155B7 /* Project object */;
			proxyType = 1;
			remoteGlobalIDString = EA6FDC022146709C001155B7;
			remoteInfo = TextVideo02;
		};
/* End PBXContainerItemProxy section */

/* Begin PBXFileReference section */
		EA6FDC032146709C001155B7 /* TextVideo02.app */ = {isa = PBXFileReference; explicitFileType = wrapper.application; includeInIndex = 0; path = TextVideo02.app; sourceTree = BUILT_PRODUCTS_DIR; };
		EA6FDC062146709C001155B7 /* AppDelegate.h */ = {isa = PBXFileReference; lastKnownFileType = sourcecode.c.h; path = AppDelegate.h; sourceTree = "<group>"; };
		EA6FDC072146709C001155B7 /* AppDelegate.m */ = {isa = PBXFileReference; lastKnownFileType = sourcecode.c.objc; path = AppDelegate.m; sourceTree = "<group>"; };
		EA6FDC092146709C001155B7 /* ViewController.h */ = {isa = PBXFileReference; lastKnownFileType = sourcecode.c.h; path = ViewController.h; sourceTree = "<group>"; };
		EA6FDC0A2146709C001155B7 /* ViewController.m */ = {isa = PBXFileReference; lastKnownFileType = sourcecode.c.objc; path = ViewController.m; sourceTree = "<group>"; };
		EA6FDC0D2146709C001155B7 /* Base */ = {isa = PBXFileReference; lastKnownFileType = file.storyboard; name = Base; path = Base.lproj/Main.storyboard; sourceTree = "<group>"; };
		EA6FDC0F2146709C001155B7 /* Assets.xcassets */ = {isa = PBXFileReference; lastKnownFileType = folder.assetcatalog; path = Assets.xcassets; sourceTree = "<group>"; };
		EA6FDC122146709C001155B7 /* Base */ = {isa = PBXFileReference; lastKnownFileType = file.storyboard; name = Base; path = Base.lproj/LaunchScreen.storyboard; sourceTree = "<group>"; };
		EA6FDC142146709C001155B7 /* Info.plist */ = {isa = PBXFileReference; lastKnownFileType = text.plist.xml; path = Info.plist; sourceTree = "<group>"; };
		EA6FDC152146709C001155B7 /* main.m */ = {isa = PBXFileReference; lastKnownFileType = sourcecode.c.objc; path = main.m; sourceTree = "<group>"; };
		EA6FDC1B2146709D001155B7 /* TextVideo02Tests.xctest */ = {isa = PBXFileReference; explicitFileType = wrapper.cfbundle; includeInIndex = 0; path = TextVideo02Tests.xctest; sourceTree = BUILT_PRODUCTS_DIR; };
		EA6FDC1F2146709D001155B7 /* TextVideo02Tests.m */ = {isa = PBXFileReference; lastKnownFileType = sourcecode.c.objc; path = TextVideo02Tests.m; sourceTree = "<group>"; };
		EA6FDC212146709D001155B7 /* Info.plist */ = {isa = PBXFileReference; lastKnownFileType = text.plist.xml; path = Info.plist; sourceTree = "<group>"; };
		EA6FDC262146709D001155B7 /* TextVideo02UITests.xctest */ = {isa = PBXFileReference; explicitFileType = wrapper.cfbundle; includeInIndex = 0; path = TextVideo02UITests.xctest; sourceTree = BUILT_PRODUCTS_DIR; };
		EA6FDC2A2146709D001155B7 /* TextVideo02UITests.m */ = {isa = PBXFileReference; lastKnownFileType = sourcecode.c.objc; path = TextVideo02UITests.m; sourceTree = "<group>"; };
		EA6FDC2C2146709D001155B7 /* Info.plist */ = {isa = PBXFileReference; lastKnownFileType = text.plist.xml; path = Info.plist; sourceTree = "<group>"; };
		EA6FDC392146713E001155B7 /* ZRAssetExportSession.h */ = {isa = PBXFileReference; fileEncoding = 4; lastKnownFileType = sourcecode.c.h; path = ZRAssetExportSession.h; sourceTree = "<group>"; };
		EA6FDC3A2146713E001155B7 /* ZRAssetExportSession.m */ = {isa = PBXFileReference; fileEncoding = 4; lastKnownFileType = sourcecode.c.objc; path = ZRAssetExportSession.m; sourceTree = "<group>"; };
		EA6FDC3D2146713E001155B7 /* ZRMediaCaptureController.h */ = {isa = PBXFileReference; fileEncoding = 4; lastKnownFileType = sourcecode.c.h; path = ZRMediaCaptureController.h; sourceTree = "<group>"; };
		EA6FDC3E2146713E001155B7 /* ZRMediaCaptureController.m */ = {isa = PBXFileReference; fileEncoding = 4; lastKnownFileType = sourcecode.c.objc; path = ZRMediaCaptureController.m; sourceTree = "<group>"; };
		EA6FDC3F2146713E001155B7 /* ZRMediaCaptureView.h */ = {isa = PBXFileReference; fileEncoding = 4; lastKnownFileType = sourcecode.c.h; path = ZRMediaCaptureView.h; sourceTree = "<group>"; };
		EA6FDC402146713E001155B7 /* ZRMediaCaptureView.m */ = {isa = PBXFileReference; fileEncoding = 4; lastKnownFileType = sourcecode.c.objc; path = ZRMediaCaptureView.m; sourceTree = "<group>"; };
		EA6FDC432146713E001155B7 /* ZRVideoCaptureViewController.h */ = {isa = PBXFileReference; fileEncoding = 4; lastKnownFileType = sourcecode.c.h; path = ZRVideoCaptureViewController.h; sourceTree = "<group>"; };
		EA6FDC442146713E001155B7 /* ZRVideoCaptureViewController.m */ = {isa = PBXFileReference; fileEncoding = 4; lastKnownFileType = sourcecode.c.objc; path = ZRVideoCaptureViewController.m; sourceTree = "<group>"; };
		EA6FDC452146713E001155B7 /* ZRVideoPlayerController.h */ = {isa = PBXFileReference; fileEncoding = 4; lastKnownFileType = sourcecode.c.h; path = ZRVideoPlayerController.h; sourceTree = "<group>"; };
		EA6FDC462146713E001155B7 /* ZRVideoPlayerController.m */ = {isa = PBXFileReference; fileEncoding = 4; lastKnownFileType = sourcecode.c.objc; path = ZRVideoPlayerController.m; sourceTree = "<group>"; };
		EA6FDC472146713E001155B7 /* ZRWaterPrintComposition.h */ = {isa = PBXFileReference; fileEncoding = 4; lastKnownFileType = sourcecode.c.h; path = ZRWaterPrintComposition.h; sourceTree = "<group>"; };
		EA6FDC482146713E001155B7 /* ZRWaterPrintComposition.m */ = {isa = PBXFileReference; fileEncoding = 4; lastKnownFileType = sourcecode.c.objc; path = ZRWaterPrintComposition.m; sourceTree = "<group>"; };
		EA6FDC5121467151001155B7 /* TestPreviewerVideoViewController.h */ = {isa = PBXFileReference; fileEncoding = 4; lastKnownFileType = sourcecode.c.h; path = TestPreviewerVideoViewController.h; sourceTree = "<group>"; };
		EA6FDC5221467151001155B7 /* TestPreviewerVideoViewController.m */ = {isa = PBXFileReference; fileEncoding = 4; lastKnownFileType = sourcecode.c.objc; path = TestPreviewerVideoViewController.m; sourceTree = "<group>"; };
		EA6FDC552147534E001155B7 /* HProgressView.h */ = {isa = PBXFileReference; fileEncoding = 4; lastKnownFileType = sourcecode.c.h; path = HProgressView.h; sourceTree = "<group>"; };
		EA6FDC562147534E001155B7 /* HProgressView.m */ = {isa = PBXFileReference; fileEncoding = 4; lastKnownFileType = sourcecode.c.objc; path = HProgressView.m; sourceTree = "<group>"; };
		EA6FDC582147634B001155B7 /* btn_video_flip_camera@2x.png */ = {isa = PBXFileReference; lastKnownFileType = image.png; path = "btn_video_flip_camera@2x.png"; sourceTree = "<group>"; };
		EA6FDC5A2147A299001155B7 /* VideoEditView.h */ = {isa = PBXFileReference; lastKnownFileType = sourcecode.c.h; path = VideoEditView.h; sourceTree = "<group>"; };
		EA6FDC5B2147A299001155B7 /* VideoEditView.m */ = {isa = PBXFileReference; lastKnownFileType = sourcecode.c.objc; path = VideoEditView.m; sourceTree = "<group>"; };
		EA6FDC5D2147A970001155B7 /* AddTextDetailView.h */ = {isa = PBXFileReference; lastKnownFileType = sourcecode.c.h; path = AddTextDetailView.h; sourceTree = "<group>"; };
		EA6FDC5E2147A970001155B7 /* AddTextDetailView.m */ = {isa = PBXFileReference; lastKnownFileType = sourcecode.c.objc; path = AddTextDetailView.m; sourceTree = "<group>"; };
		EA6FDC602147B2B1001155B7 /* FWTextView.m */ = {isa = PBXFileReference; fileEncoding = 4; lastKnownFileType = sourcecode.c.objc; path = FWTextView.m; sourceTree = "<group>"; };
		EA6FDC612147B2B1001155B7 /* FWTextView.h */ = {isa = PBXFileReference; fileEncoding = 4; lastKnownFileType = sourcecode.c.h; path = FWTextView.h; sourceTree = "<group>"; };
		EA6FDCC9214A5DFE001155B7 /* ZRCircleProgress.m */ = {isa = PBXFileReference; fileEncoding = 4; lastKnownFileType = sourcecode.c.objc; path = ZRCircleProgress.m; sourceTree = "<group>"; };
		EA6FDCCA214A5DFE001155B7 /* ZRCircleProgress.h */ = {isa = PBXFileReference; fileEncoding = 4; lastKnownFileType = sourcecode.c.h; path = ZRCircleProgress.h; sourceTree = "<group>"; };
/* End PBXFileReference section */

/* Begin PBXFrameworksBuildPhase section */
		EA6FDC002146709C001155B7 /* Frameworks */ = {
			isa = PBXFrameworksBuildPhase;
			buildActionMask = 2147483647;
			files = (
			);
			runOnlyForDeploymentPostprocessing = 0;
		};
		EA6FDC182146709D001155B7 /* Frameworks */ = {
			isa = PBXFrameworksBuildPhase;
			buildActionMask = 2147483647;
			files = (
			);
			runOnlyForDeploymentPostprocessing = 0;
		};
		EA6FDC232146709D001155B7 /* Frameworks */ = {
			isa = PBXFrameworksBuildPhase;
			buildActionMask = 2147483647;
			files = (
			);
			runOnlyForDeploymentPostprocessing = 0;
		};
/* End PBXFrameworksBuildPhase section */

/* Begin PBXGroup section */
		EA6FDBFA2146709C001155B7 = {
			isa = PBXGroup;
			children = (
				EA6FDC052146709C001155B7 /* TextVideo02 */,
				EA6FDC1E2146709D001155B7 /* TextVideo02Tests */,
				EA6FDC292146709D001155B7 /* TextVideo02UITests */,
				EA6FDC042146709C001155B7 /* Products */,
			);
			sourceTree = "<group>";
		};
		EA6FDC042146709C001155B7 /* Products */ = {
			isa = PBXGroup;
			children = (
				EA6FDC032146709C001155B7 /* TextVideo02.app */,
				EA6FDC1B2146709D001155B7 /* TextVideo02Tests.xctest */,
				EA6FDC262146709D001155B7 /* TextVideo02UITests.xctest */,
			);
			name = Products;
			sourceTree = "<group>";
		};
		EA6FDC052146709C001155B7 /* TextVideo02 */ = {
			isa = PBXGroup;
			children = (
				EA6FDC582147634B001155B7 /* btn_video_flip_camera@2x.png */,
				EA6FDC542147534E001155B7 /* Views */,
				EA6FDC382146713E001155B7 /* src */,
				EA6FDC5121467151001155B7 /* TestPreviewerVideoViewController.h */,
				EA6FDC5221467151001155B7 /* TestPreviewerVideoViewController.m */,
				EA6FDC062146709C001155B7 /* AppDelegate.h */,
				EA6FDC072146709C001155B7 /* AppDelegate.m */,
				EA6FDC092146709C001155B7 /* ViewController.h */,
				EA6FDC0A2146709C001155B7 /* ViewController.m */,
				EA6FDC0C2146709C001155B7 /* Main.storyboard */,
				EA6FDC0F2146709C001155B7 /* Assets.xcassets */,
				EA6FDC112146709C001155B7 /* LaunchScreen.storyboard */,
				EA6FDC142146709C001155B7 /* Info.plist */,
				EA6FDC152146709C001155B7 /* main.m */,
			);
			path = TextVideo02;
			sourceTree = "<group>";
		};
		EA6FDC1E2146709D001155B7 /* TextVideo02Tests */ = {
			isa = PBXGroup;
			children = (
				EA6FDC1F2146709D001155B7 /* TextVideo02Tests.m */,
				EA6FDC212146709D001155B7 /* Info.plist */,
			);
			path = TextVideo02Tests;
			sourceTree = "<group>";
		};
		EA6FDC292146709D001155B7 /* TextVideo02UITests */ = {
			isa = PBXGroup;
			children = (
				EA6FDC2A2146709D001155B7 /* TextVideo02UITests.m */,
				EA6FDC2C2146709D001155B7 /* Info.plist */,
			);
			path = TextVideo02UITests;
			sourceTree = "<group>";
		};
		EA6FDC382146713E001155B7 /* src */ = {
			isa = PBXGroup;
			children = (
				EA6FDCCA214A5DFE001155B7 /* ZRCircleProgress.h */,
				EA6FDCC9214A5DFE001155B7 /* ZRCircleProgress.m */,
				EA6FDC392146713E001155B7 /* ZRAssetExportSession.h */,
				EA6FDC3A2146713E001155B7 /* ZRAssetExportSession.m */,
				EA6FDC3D2146713E001155B7 /* ZRMediaCaptureController.h */,
				EA6FDC3E2146713E001155B7 /* ZRMediaCaptureController.m */,
				EA6FDC3F2146713E001155B7 /* ZRMediaCaptureView.h */,
				EA6FDC402146713E001155B7 /* ZRMediaCaptureView.m */,
				EA6FDC432146713E001155B7 /* ZRVideoCaptureViewController.h */,
				EA6FDC442146713E001155B7 /* ZRVideoCaptureViewController.m */,
				EA6FDC452146713E001155B7 /* ZRVideoPlayerController.h */,
				EA6FDC462146713E001155B7 /* ZRVideoPlayerController.m */,
				EA6FDC472146713E001155B7 /* ZRWaterPrintComposition.h */,
				EA6FDC482146713E001155B7 /* ZRWaterPrintComposition.m */,
			);
			path = src;
			sourceTree = "<group>";
		};
		EA6FDC542147534E001155B7 /* Views */ = {
			isa = PBXGroup;
			children = (
				EA6FDC612147B2B1001155B7 /* FWTextView.h */,
				EA6FDC602147B2B1001155B7 /* FWTextView.m */,
				EA6FDC552147534E001155B7 /* HProgressView.h */,
				EA6FDC562147534E001155B7 /* HProgressView.m */,
				EA6FDC5A2147A299001155B7 /* VideoEditView.h */,
				EA6FDC5B2147A299001155B7 /* VideoEditView.m */,
				EA6FDC5D2147A970001155B7 /* AddTextDetailView.h */,
				EA6FDC5E2147A970001155B7 /* AddTextDetailView.m */,
			);
			path = Views;
			sourceTree = "<group>";
		};
/* End PBXGroup section */

/* Begin PBXNativeTarget section */
		EA6FDC022146709C001155B7 /* TextVideo02 */ = {
			isa = PBXNativeTarget;
			buildConfigurationList = EA6FDC2F2146709D001155B7 /* Build configuration list for PBXNativeTarget "TextVideo02" */;
			buildPhases = (
				EA6FDBFF2146709C001155B7 /* Sources */,
				EA6FDC002146709C001155B7 /* Frameworks */,
				EA6FDC012146709C001155B7 /* Resources */,
			);
			buildRules = (
			);
			dependencies = (
			);
			name = TextVideo02;
			productName = TextVideo02;
			productReference = EA6FDC032146709C001155B7 /* TextVideo02.app */;
			productType = "com.apple.product-type.application";
		};
		EA6FDC1A2146709D001155B7 /* TextVideo02Tests */ = {
			isa = PBXNativeTarget;
			buildConfigurationList = EA6FDC322146709D001155B7 /* Build configuration list for PBXNativeTarget "TextVideo02Tests" */;
			buildPhases = (
				EA6FDC172146709D001155B7 /* Sources */,
				EA6FDC182146709D001155B7 /* Frameworks */,
				EA6FDC192146709D001155B7 /* Resources */,
			);
			buildRules = (
			);
			dependencies = (
				EA6FDC1D2146709D001155B7 /* PBXTargetDependency */,
			);
			name = TextVideo02Tests;
			productName = TextVideo02Tests;
			productReference = EA6FDC1B2146709D001155B7 /* TextVideo02Tests.xctest */;
			productType = "com.apple.product-type.bundle.unit-test";
		};
		EA6FDC252146709D001155B7 /* TextVideo02UITests */ = {
			isa = PBXNativeTarget;
			buildConfigurationList = EA6FDC352146709D001155B7 /* Build configuration list for PBXNativeTarget "TextVideo02UITests" */;
			buildPhases = (
				EA6FDC222146709D001155B7 /* Sources */,
				EA6FDC232146709D001155B7 /* Frameworks */,
				EA6FDC242146709D001155B7 /* Resources */,
			);
			buildRules = (
			);
			dependencies = (
				EA6FDC282146709D001155B7 /* PBXTargetDependency */,
			);
			name = TextVideo02UITests;
			productName = TextVideo02UITests;
			productReference = EA6FDC262146709D001155B7 /* TextVideo02UITests.xctest */;
			productType = "com.apple.product-type.bundle.ui-testing";
		};
/* End PBXNativeTarget section */

/* Begin PBXProject section */
		EA6FDBFB2146709C001155B7 /* Project object */ = {
			isa = PBXProject;
			attributes = {
				LastUpgradeCheck = 0910;
				ORGANIZATIONNAME = ZB;
				TargetAttributes = {
					EA6FDC022146709C001155B7 = {
						CreatedOnToolsVersion = 9.1;
						ProvisioningStyle = Automatic;
					};
					EA6FDC1A2146709D001155B7 = {
						CreatedOnToolsVersion = 9.1;
						ProvisioningStyle = Automatic;
						TestTargetID = EA6FDC022146709C001155B7;
					};
					EA6FDC252146709D001155B7 = {
						CreatedOnToolsVersion = 9.1;
						ProvisioningStyle = Automatic;
						TestTargetID = EA6FDC022146709C001155B7;
					};
				};
			};
			buildConfigurationList = EA6FDBFE2146709C001155B7 /* Build configuration list for PBXProject "TextVideo02" */;
			compatibilityVersion = "Xcode 8.0";
			developmentRegion = en;
			hasScannedForEncodings = 0;
			knownRegions = (
				en,
				Base,
			);
			mainGroup = EA6FDBFA2146709C001155B7;
			productRefGroup = EA6FDC042146709C001155B7 /* Products */;
			projectDirPath = "";
			projectRoot = "";
			targets = (
				EA6FDC022146709C001155B7 /* TextVideo02 */,
				EA6FDC1A2146709D001155B7 /* TextVideo02Tests */,
				EA6FDC252146709D001155B7 /* TextVideo02UITests */,
			);
		};
/* End PBXProject section */

/* Begin PBXResourcesBuildPhase section */
		EA6FDC012146709C001155B7 /* Resources */ = {
			isa = PBXResourcesBuildPhase;
			buildActionMask = 2147483647;
			files = (
				EA6FDC132146709C001155B7 /* LaunchScreen.storyboard in Resources */,
				EA6FDC592147634B001155B7 /* btn_video_flip_camera@2x.png in Resources */,
				EA6FDC102146709C001155B7 /* Assets.xcassets in Resources */,
				EA6FDC0E2146709C001155B7 /* Main.storyboard in Resources */,
			);
			runOnlyForDeploymentPostprocessing = 0;
		};
		EA6FDC192146709D001155B7 /* Resources */ = {
			isa = PBXResourcesBuildPhase;
			buildActionMask = 2147483647;
			files = (
			);
			runOnlyForDeploymentPostprocessing = 0;
		};
		EA6FDC242146709D001155B7 /* Resources */ = {
			isa = PBXResourcesBuildPhase;
			buildActionMask = 2147483647;
			files = (
			);
			runOnlyForDeploymentPostprocessing = 0;
		};
/* End PBXResourcesBuildPhase section */

/* Begin PBXSourcesBuildPhase section */
		EA6FDBFF2146709C001155B7 /* Sources */ = {
			isa = PBXSourcesBuildPhase;
			buildActionMask = 2147483647;
			files = (
				EA6FDC0B2146709C001155B7 /* ViewController.m in Sources */,
				EA6FDC4E2146713E001155B7 /* ZRVideoCaptureViewController.m in Sources */,
				EA6FDC4F2146713E001155B7 /* ZRVideoPlayerController.m in Sources */,
				EA6FDC5C2147A299001155B7 /* VideoEditView.m in Sources */,
				EA6FDC5F2147A970001155B7 /* AddTextDetailView.m in Sources */,
				EA6FDC4C2146713E001155B7 /* ZRMediaCaptureView.m in Sources */,
				EA6FDC572147534E001155B7 /* HProgressView.m in Sources */,
				EA6FDC5321467151001155B7 /* TestPreviewerVideoViewController.m in Sources */,
				EA6FDC162146709C001155B7 /* main.m in Sources */,
				EA6FDC082146709C001155B7 /* AppDelegate.m in Sources */,
				EA6FDC622147B2B1001155B7 /* FWTextView.m in Sources */,
				EA6FDC492146713E001155B7 /* ZRAssetExportSession.m in Sources */,
				EA6FDC502146713E001155B7 /* ZRWaterPrintComposition.m in Sources */,
				EA6FDC4B2146713E001155B7 /* ZRMediaCaptureController.m in Sources */,
				EA6FDCCB214A5DFE001155B7 /* ZRCircleProgress.m in Sources */,
			);
			runOnlyForDeploymentPostprocessing = 0;
		};
		EA6FDC172146709D001155B7 /* Sources */ = {
			isa = PBXSourcesBuildPhase;
			buildActionMask = 2147483647;
			files = (
				EA6FDC202146709D001155B7 /* TextVideo02Tests.m in Sources */,
			);
			runOnlyForDeploymentPostprocessing = 0;
		};
		EA6FDC222146709D001155B7 /* Sources */ = {
			isa = PBXSourcesBuildPhase;
			buildActionMask = 2147483647;
			files = (
				EA6FDC2B2146709D001155B7 /* TextVideo02UITests.m in Sources */,
			);
			runOnlyForDeploymentPostprocessing = 0;
		};
/* End PBXSourcesBuildPhase section */

/* Begin PBXTargetDependency section */
		EA6FDC1D2146709D001155B7 /* PBXTargetDependency */ = {
			isa = PBXTargetDependency;
			target = EA6FDC022146709C001155B7 /* TextVideo02 */;
			targetProxy = EA6FDC1C2146709D001155B7 /* PBXContainerItemProxy */;
		};
		EA6FDC282146709D001155B7 /* PBXTargetDependency */ = {
			isa = PBXTargetDependency;
			target = EA6FDC022146709C001155B7 /* TextVideo02 */;
			targetProxy = EA6FDC272146709D001155B7 /* PBXContainerItemProxy */;
		};
/* End PBXTargetDependency section */

/* Begin PBXVariantGroup section */
		EA6FDC0C2146709C001155B7 /* Main.storyboard */ = {
			isa = PBXVariantGroup;
			children = (
				EA6FDC0D2146709C001155B7 /* Base */,
			);
			name = Main.storyboard;
			sourceTree = "<group>";
		};
		EA6FDC112146709C001155B7 /* LaunchScreen.storyboard */ = {
			isa = PBXVariantGroup;
			children = (
				EA6FDC122146709C001155B7 /* Base */,
			);
			name = LaunchScreen.storyboard;
			sourceTree = "<group>";
		};
/* End PBXVariantGroup section */

/* Begin XCBuildConfiguration section */
		EA6FDC2D2146709D001155B7 /* Debug */ = {
			isa = XCBuildConfiguration;
			buildSettings = {
				ALWAYS_SEARCH_USER_PATHS = NO;
				CLANG_ANALYZER_NONNULL = YES;
				CLANG_ANALYZER_NUMBER_OBJECT_CONVERSION = YES_AGGRESSIVE;
				CLANG_CXX_LANGUAGE_STANDARD = "gnu++14";
				CLANG_CXX_LIBRARY = "libc++";
				CLANG_ENABLE_MODULES = YES;
				CLANG_ENABLE_OBJC_ARC = YES;
				CLANG_WARN_BLOCK_CAPTURE_AUTORELEASING = YES;
				CLANG_WARN_BOOL_CONVERSION = YES;
				CLANG_WARN_COMMA = YES;
				CLANG_WARN_CONSTANT_CONVERSION = YES;
				CLANG_WARN_DIRECT_OBJC_ISA_USAGE = YES_ERROR;
				CLANG_WARN_DOCUMENTATION_COMMENTS = YES;
				CLANG_WARN_EMPTY_BODY = YES;
				CLANG_WARN_ENUM_CONVERSION = YES;
				CLANG_WARN_INFINITE_RECURSION = YES;
				CLANG_WARN_INT_CONVERSION = YES;
				CLANG_WARN_NON_LITERAL_NULL_CONVERSION = YES;
				CLANG_WARN_OBJC_LITERAL_CONVERSION = YES;
				CLANG_WARN_OBJC_ROOT_CLASS = YES_ERROR;
				CLANG_WARN_RANGE_LOOP_ANALYSIS = YES;
				CLANG_WARN_STRICT_PROTOTYPES = YES;
				CLANG_WARN_SUSPICIOUS_MOVE = YES;
				CLANG_WARN_UNGUARDED_AVAILABILITY = YES_AGGRESSIVE;
				CLANG_WARN_UNREACHABLE_CODE = YES;
				CLANG_WARN__DUPLICATE_METHOD_MATCH = YES;
				CODE_SIGN_IDENTITY = "iPhone Developer";
				COPY_PHASE_STRIP = NO;
				DEBUG_INFORMATION_FORMAT = dwarf;
				ENABLE_STRICT_OBJC_MSGSEND = YES;
				ENABLE_TESTABILITY = YES;
				GCC_C_LANGUAGE_STANDARD = gnu11;
				GCC_DYNAMIC_NO_PIC = NO;
				GCC_NO_COMMON_BLOCKS = YES;
				GCC_OPTIMIZATION_LEVEL = 0;
				GCC_PREPROCESSOR_DEFINITIONS = (
					"DEBUG=1",
					"$(inherited)",
				);
				GCC_WARN_64_TO_32_BIT_CONVERSION = YES;
				GCC_WARN_ABOUT_RETURN_TYPE = YES_ERROR;
				GCC_WARN_UNDECLARED_SELECTOR = YES;
				GCC_WARN_UNINITIALIZED_AUTOS = YES_AGGRESSIVE;
				GCC_WARN_UNUSED_FUNCTION = YES;
				GCC_WARN_UNUSED_VARIABLE = YES;
				IPHONEOS_DEPLOYMENT_TARGET = 11.1;
				MTL_ENABLE_DEBUG_INFO = YES;
				ONLY_ACTIVE_ARCH = YES;
				SDKROOT = iphoneos;
			};
			name = Debug;
		};
		EA6FDC2E2146709D001155B7 /* Release */ = {
			isa = XCBuildConfiguration;
			buildSettings = {
				ALWAYS_SEARCH_USER_PATHS = NO;
				CLANG_ANALYZER_NONNULL = YES;
				CLANG_ANALYZER_NUMBER_OBJECT_CONVERSION = YES_AGGRESSIVE;
				CLANG_CXX_LANGUAGE_STANDARD = "gnu++14";
				CLANG_CXX_LIBRARY = "libc++";
				CLANG_ENABLE_MODULES = YES;
				CLANG_ENABLE_OBJC_ARC = YES;
				CLANG_WARN_BLOCK_CAPTURE_AUTORELEASING = YES;
				CLANG_WARN_BOOL_CONVERSION = YES;
				CLANG_WARN_COMMA = YES;
				CLANG_WARN_CONSTANT_CONVERSION = YES;
				CLANG_WARN_DIRECT_OBJC_ISA_USAGE = YES_ERROR;
				CLANG_WARN_DOCUMENTATION_COMMENTS = YES;
				CLANG_WARN_EMPTY_BODY = YES;
				CLANG_WARN_ENUM_CONVERSION = YES;
				CLANG_WARN_INFINITE_RECURSION = YES;
				CLANG_WARN_INT_CONVERSION = YES;
				CLANG_WARN_NON_LITERAL_NULL_CONVERSION = YES;
				CLANG_WARN_OBJC_LITERAL_CONVERSION = YES;
				CLANG_WARN_OBJC_ROOT_CLASS = YES_ERROR;
				CLANG_WARN_RANGE_LOOP_ANALYSIS = YES;
				CLANG_WARN_STRICT_PROTOTYPES = YES;
				CLANG_WARN_SUSPICIOUS_MOVE = YES;
				CLANG_WARN_UNGUARDED_AVAILABILITY = YES_AGGRESSIVE;
				CLANG_WARN_UNREACHABLE_CODE = YES;
				CLANG_WARN__DUPLICATE_METHOD_MATCH = YES;
				CODE_SIGN_IDENTITY = "iPhone Developer";
				COPY_PHASE_STRIP = NO;
				DEBUG_INFORMATION_FORMAT = "dwarf-with-dsym";
				ENABLE_NS_ASSERTIONS = NO;
				ENABLE_STRICT_OBJC_MSGSEND = YES;
				GCC_C_LANGUAGE_STANDARD = gnu11;
				GCC_NO_COMMON_BLOCKS = YES;
				GCC_WARN_64_TO_32_BIT_CONVERSION = YES;
				GCC_WARN_ABOUT_RETURN_TYPE = YES_ERROR;
				GCC_WARN_UNDECLARED_SELECTOR = YES;
				GCC_WARN_UNINITIALIZED_AUTOS = YES_AGGRESSIVE;
				GCC_WARN_UNUSED_FUNCTION = YES;
				GCC_WARN_UNUSED_VARIABLE = YES;
				IPHONEOS_DEPLOYMENT_TARGET = 11.1;
				MTL_ENABLE_DEBUG_INFO = NO;
				SDKROOT = iphoneos;
				VALIDATE_PRODUCT = YES;
			};
			name = Release;
		};
		EA6FDC302146709D001155B7 /* Debug */ = {
			isa = XCBuildConfiguration;
			buildSettings = {
				ASSETCATALOG_COMPILER_APPICON_NAME = AppIcon;
				CODE_SIGN_STYLE = Automatic;
				DEVELOPMENT_TEAM = R45LY736NP;
				INFOPLIST_FILE = TextVideo02/Info.plist;
				IPHONEOS_DEPLOYMENT_TARGET = 9.0;
				LD_RUNPATH_SEARCH_PATHS = "$(inherited) @executable_path/Frameworks";
				PRODUCT_BUNDLE_IDENTIFIER = Fooww.TextVideo02;
				PRODUCT_NAME = "$(TARGET_NAME)";
				TARGETED_DEVICE_FAMILY = "1,2";
			};
			name = Debug;
		};
		EA6FDC312146709D001155B7 /* Release */ = {
			isa = XCBuildConfiguration;
			buildSettings = {
				ASSETCATALOG_COMPILER_APPICON_NAME = AppIcon;
				CODE_SIGN_STYLE = Automatic;
				DEVELOPMENT_TEAM = R45LY736NP;
				INFOPLIST_FILE = TextVideo02/Info.plist;
				IPHONEOS_DEPLOYMENT_TARGET = 9.0;
				LD_RUNPATH_SEARCH_PATHS = "$(inherited) @executable_path/Frameworks";
				PRODUCT_BUNDLE_IDENTIFIER = Fooww.TextVideo02;
				PRODUCT_NAME = "$(TARGET_NAME)";
				TARGETED_DEVICE_FAMILY = "1,2";
			};
			name = Release;
		};
		EA6FDC332146709D001155B7 /* Debug */ = {
			isa = XCBuildConfiguration;
			buildSettings = {
				BUNDLE_LOADER = "$(TEST_HOST)";
				CODE_SIGN_STYLE = Automatic;
				INFOPLIST_FILE = TextVideo02Tests/Info.plist;
				LD_RUNPATH_SEARCH_PATHS = "$(inherited) @executable_path/Frameworks @loader_path/Frameworks";
				PRODUCT_BUNDLE_IDENTIFIER = Fooww.TextVideo02Tests;
				PRODUCT_NAME = "$(TARGET_NAME)";
				TARGETED_DEVICE_FAMILY = "1,2";
				TEST_HOST = "$(BUILT_PRODUCTS_DIR)/TextVideo02.app/TextVideo02";
			};
			name = Debug;
		};
		EA6FDC342146709D001155B7 /* Release */ = {
			isa = XCBuildConfiguration;
			buildSettings = {
				BUNDLE_LOADER = "$(TEST_HOST)";
				CODE_SIGN_STYLE = Automatic;
				INFOPLIST_FILE = TextVideo02Tests/Info.plist;
				LD_RUNPATH_SEARCH_PATHS = "$(inherited) @executable_path/Frameworks @loader_path/Frameworks";
				PRODUCT_BUNDLE_IDENTIFIER = Fooww.TextVideo02Tests;
				PRODUCT_NAME = "$(TARGET_NAME)";
				TARGETED_DEVICE_FAMILY = "1,2";
				TEST_HOST = "$(BUILT_PRODUCTS_DIR)/TextVideo02.app/TextVideo02";
			};
			name = Release;
		};
		EA6FDC362146709D001155B7 /* Debug */ = {
			isa = XCBuildConfiguration;
			buildSettings = {
				CODE_SIGN_STYLE = Automatic;
				INFOPLIST_FILE = TextVideo02UITests/Info.plist;
				LD_RUNPATH_SEARCH_PATHS = "$(inherited) @executable_path/Frameworks @loader_path/Frameworks";
				PRODUCT_BUNDLE_IDENTIFIER = Fooww.TextVideo02UITests;
				PRODUCT_NAME = "$(TARGET_NAME)";
				TARGETED_DEVICE_FAMILY = "1,2";
				TEST_TARGET_NAME = TextVideo02;
			};
			name = Debug;
		};
		EA6FDC372146709D001155B7 /* Release */ = {
			isa = XCBuildConfiguration;
			buildSettings = {
				CODE_SIGN_STYLE = Automatic;
				INFOPLIST_FILE = TextVideo02UITests/Info.plist;
				LD_RUNPATH_SEARCH_PATHS = "$(inherited) @executable_path/Frameworks @loader_path/Frameworks";
				PRODUCT_BUNDLE_IDENTIFIER = Fooww.TextVideo02UITests;
				PRODUCT_NAME = "$(TARGET_NAME)";
				TARGETED_DEVICE_FAMILY = "1,2";
				TEST_TARGET_NAME = TextVideo02;
			};
			name = Release;
		};
/* End XCBuildConfiguration section */

/* Begin XCConfigurationList section */
		EA6FDBFE2146709C001155B7 /* Build configuration list for PBXProject "TextVideo02" */ = {
			isa = XCConfigurationList;
			buildConfigurations = (
				EA6FDC2D2146709D001155B7 /* Debug */,
				EA6FDC2E2146709D001155B7 /* Release */,
			);
			defaultConfigurationIsVisible = 0;
			defaultConfigurationName = Release;
		};
		EA6FDC2F2146709D001155B7 /* Build configuration list for PBXNativeTarget "TextVideo02" */ = {
			isa = XCConfigurationList;
			buildConfigurations = (
				EA6FDC302146709D001155B7 /* Debug */,
				EA6FDC312146709D001155B7 /* Release */,
			);
			defaultConfigurationIsVisible = 0;
			defaultConfigurationName = Release;
		};
		EA6FDC322146709D001155B7 /* Build configuration list for PBXNativeTarget "TextVideo02Tests" */ = {
			isa = XCConfigurationList;
			buildConfigurations = (
				EA6FDC332146709D001155B7 /* Debug */,
				EA6FDC342146709D001155B7 /* Release */,
			);
			defaultConfigurationIsVisible = 0;
			defaultConfigurationName = Release;
		};
		EA6FDC352146709D001155B7 /* Build configuration list for PBXNativeTarget "TextVideo02UITests" */ = {
			isa = XCConfigurationList;
			buildConfigurations = (
				EA6FDC362146709D001155B7 /* Debug */,
				EA6FDC372146709D001155B7 /* Release */,
			);
			defaultConfigurationIsVisible = 0;
			defaultConfigurationName = Release;
		};
/* End XCConfigurationList section */
	};
	rootObject = EA6FDBFB2146709C001155B7 /* Project object */;
}
